{
  "name": "use password generator",
  "lockfileVersion": 2,
  "requires": true,
  "packages": {
    "": {
      "dependencies": {
        "quick-password-generator-shaharsol": "^1.0.0"
      }
    },
    "node_modules/quick-password-generator-shaharsol": {
      "version": "1.1.0",
      "resolved": "https://registry.npmjs.org/quick-password-generator-shaharsol/-/quick-password-generator-shaharsol-1.1.0.tgz",
      "integrity": "sha512-lBLfvmg2PY+fU5a3faNbm8l5B3RhODBKUTDBKxXS5TIVHL9jXuQrunlbeAIF/FdlW/+aEw1JC5oierJUpK1k5w=="
    }
  },
  "dependencies": {
    "quick-password-generator-shaharsol": {
      "version": "1.1.0",
      "resolved": "https://registry.npmjs.org/quick-password-generator-shaharsol/-/quick-password-generator-shaharsol-1.1.0.tgz",
      "integrity": "sha512-lBLfvmg2PY+fU5a3faNbm8l5B3RhODBKUTDBKxXS5TIVHL9jXuQrunlbeAIF/FdlW/+aEw1JC5oierJUpK1k5w=="
    }
  }
}
